
Microsoft Visual Studio Solution File, Format Version 12.00
# Visual Studio Express 2012 for Windows Desktop
Project("{8BC9CEB8-8B4A-11D0-8D11-00A0C91BC942}") = "IrrlichtTest", "IrrlichtTest.vcxproj", "{F4D6CFC3-D921-44D1-A8FE-F870639E1B51}"
EndProject
Global
	GlobalSection(SolutionConfigurationPlatforms) = preSolution
		Debug|Win32 = Debug|Win32
		Release|Win32 = Release|Win32
	EndGlobalSection
	GlobalSection(ProjectConfigurationPlatforms) = postSolution
		{F4D6CFC3-D921-44D1-A8FE-F870639E1B51}.Debug|Win32.ActiveCfg = Debug|Win32
		{F4D6CFC3-D921-44D1-A8FE-F870639E1B51}.Debug|Win32.Build.0 = Debug|Win32
		{F4D6CFC3-D921-44D1-A8FE-F870639E1B51}.Release|Win32.ActiveCfg = Release|Win32
		{F4D6CFC3-D921-44D1-A8FE-F870639E1B51}.Release|Win32.Build.0 = Release|Win32
	EndGlobalSection
	GlobalSection(SolutionProperties) = preSolution
		HideSolutionNode = FALSE
	EndGlobalSection
EndGlobal
