// !$*UTF8*$!
{
	archiveVersion = 1;
	classes = {
	};
	objectVersion = 46;
	objects = {

/* Begin PBXBuildFile section */
		2ADDF5F81D9188E0002ABFFC /* main.cpp in Sources */ = {isa = PBXBuildFile; fileRef = 2ADDF5F71D9188E0002ABFFC /* main.cpp */; };
		2ADDF5FF1D9188F2002ABFFC /* GLUT.framework in Frameworks */ = {isa = PBXBuildFile; fileRef = 2ADDF5FE1D9188F2002ABFFC /* GLUT.framework */; };
		2ADDF6011D9188F8002ABFFC /* OpenGL.framework in Frameworks */ = {isa = PBXBuildFile; fileRef = 2ADDF6001D9188F8002ABFFC /* OpenGL.framework */; };
/* End PBXBuildFile section */

/* Begin PBXCopyFilesBuildPhase section */
		2ADDF5F21D9188E0002ABFFC /* CopyFiles */ = {
			isa = PBXCopyFilesBuildPhase;
			buildActionMask = 2147483647;
			dstPath = /usr/share/man/man1/;
			dstSubfolderSpec = 0;
			files = (
			);
			runOnlyForDeploymentPostprocessing = 1;
		};
/* End PBXCopyFilesBuildPhase section */

/* Begin PBXFileReference section */
		2ADDF5F41D9188E0002ABFFC /* GLUT+SFML */ = {isa = PBXFileReference; explicitFileType = "compiled.mach-o.executable"; includeInIndex = 0; path = "GLUT+SFML"; sourceTree = BUILT_PRODUCTS_DIR; };
		2ADDF5F71D9188E0002ABFFC /* main.cpp */ = {isa = PBXFileReference; lastKnownFileType = sourcecode.cpp.cpp; path = main.cpp; sourceTree = "<group>"; };
		2ADDF5FE1D9188F2002ABFFC /* GLUT.framework */ = {isa = PBXFileReference; lastKnownFileType = wrapper.framework; name = GLUT.framework; path = System/Library/Frameworks/GLUT.framework; sourceTree = SDKROOT; };
		2ADDF6001D9188F8002ABFFC /* OpenGL.framework */ = {isa = PBXFileReference; lastKnownFileType = wrapper.framework; name = OpenGL.framework; path = System/Library/Frameworks/OpenGL.framework; sourceTree = SDKROOT; };
/* End PBXFileReference section */

/* Begin PBXFrameworksBuildPhase section */
		2ADDF5F11D9188E0002ABFFC /* Frameworks */ = {
			isa = PBXFrameworksBuildPhase;
			buildActionMask = 2147483647;
			files = (
				2ADDF6011D9188F8002ABFFC /* OpenGL.framework in Frameworks */,
				2ADDF5FF1D9188F2002ABFFC /* GLUT.framework in Frameworks */,
			);
			runOnlyForDeploymentPostprocessing = 0;
		};
/* End PBXFrameworksBuildPhase section */

/* Begin PBXGroup section */
		2ADDF5EB1D9188E0002ABFFC = {
			isa = PBXGroup;
			children = (
				2ADDF6001D9188F8002ABFFC /* OpenGL.framework */,
				2ADDF5FE1D9188F2002ABFFC /* GLUT.framework */,
				2ADDF5F61D9188E0002ABFFC /* GLUT+SFML */,
				2ADDF5F51D9188E0002ABFFC /* Products */,
			);
			sourceTree = "<group>";
		};
		2ADDF5F51D9188E0002ABFFC /* Products */ = {
			isa = PBXGroup;
			children = (
				2ADDF5F41D9188E0002ABFFC /* GLUT+SFML */,
			);
			name = Products;
			sourceTree = "<group>";
		};
		2ADDF5F61D9188E0002ABFFC /* GLUT+SFML */ = {
			isa = PBXGroup;
			children = (
				2ADDF5F71D9188E0002ABFFC /* main.cpp */,
			);
			path = "GLUT+SFML";
			sourceTree = "<group>";
		};
/* End PBXGroup section */

/* Begin PBXNativeTarget section */
		2ADDF5F31D9188E0002ABFFC /* GLUT+SFML */ = {
			isa = PBXNativeTarget;
			buildConfigurationList = 2ADDF5FB1D9188E0002ABFFC /* Build configuration list for PBXNativeTarget "GLUT+SFML" */;
			buildPhases = (
				2ADDF5F01D9188E0002ABFFC /* Sources */,
				2ADDF5F11D9188E0002ABFFC /* Frameworks */,
				2ADDF5F21D9188E0002ABFFC /* CopyFiles */,
			);
			buildRules = (
			);
			dependencies = (
			);
			name = "GLUT+SFML";
			productName = "GLUT+SFML";
			productReference = 2ADDF5F41D9188E0002ABFFC /* GLUT+SFML */;
			productType = "com.apple.product-type.tool";
		};
/* End PBXNativeTarget section */

/* Begin PBXProject section */
		2ADDF5EC1D9188E0002ABFFC /* Project object */ = {
			isa = PBXProject;
			attributes = {
				LastUpgradeCheck = 0730;
				ORGANIZATIONNAME = "Дмитрий Родионов";
				TargetAttributes = {
					2ADDF5F31D9188E0002ABFFC = {
						CreatedOnToolsVersion = 7.3.1;
					};
				};
			};
			buildConfigurationList = 2ADDF5EF1D9188E0002ABFFC /* Build configuration list for PBXProject "GLUT+SFML" */;
			compatibilityVersion = "Xcode 3.2";
			developmentRegion = English;
			hasScannedForEncodings = 0;
			knownRegions = (
				en,
			);
			mainGroup = 2ADDF5EB1D9188E0002ABFFC;
			productRefGroup = 2ADDF5F51D9188E0002ABFFC /* Products */;
			projectDirPath = "";
			projectRoot = "";
			targets = (
				2ADDF5F31D9188E0002ABFFC /* GLUT+SFML */,
			);
		};
/* End PBXProject section */

/* Begin PBXSourcesBuildPhase section */
		2ADDF5F01D9188E0002ABFFC /* Sources */ = {
			isa = PBXSourcesBuildPhase;
			buildActionMask = 2147483647;
			files = (
				2ADDF5F81D9188E0002ABFFC /* main.cpp in Sources */,
			);
			runOnlyForDeploymentPostprocessing = 0;
		};
/* End PBXSourcesBuildPhase section */

/* Begin XCBuildConfiguration section */
		2ADDF5F91D9188E0002ABFFC /* Debug */ = {
			isa = XCBuildConfiguration;
			buildSettings = {
				ALWAYS_SEARCH_USER_PATHS = NO;
				CLANG_ANALYZER_NONNULL = YES;
				CLANG_CXX_LANGUAGE_STANDARD = "gnu++0x";
				CLANG_CXX_LIBRARY = "libc++";
				CLANG_ENABLE_MODULES = YES;
				CLANG_ENABLE_OBJC_ARC = YES;
				CLANG_WARN_BOOL_CONVERSION = YES;
				CLANG_WARN_CONSTANT_CONVERSION = YES;
				CLANG_WARN_DIRECT_OBJC_ISA_USAGE = YES_ERROR;
				CLANG_WARN_EMPTY_BODY = YES;
				CLANG_WARN_ENUM_CONVERSION = YES;
				CLANG_WARN_INT_CONVERSION = YES;
				CLANG_WARN_OBJC_ROOT_CLASS = YES_ERROR;
				CLANG_WARN_UNREACHABLE_CODE = YES;
				CLANG_WARN__DUPLICATE_METHOD_MATCH = YES;
				CODE_SIGN_IDENTITY = "-";
				COPY_PHASE_STRIP = NO;
				DEBUG_INFORMATION_FORMAT = dwarf;
				ENABLE_STRICT_OBJC_MSGSEND = YES;
				ENABLE_TESTABILITY = YES;
				GCC_C_LANGUAGE_STANDARD = gnu99;
				GCC_DYNAMIC_NO_PIC = NO;
				GCC_NO_COMMON_BLOCKS = YES;
				GCC_OPTIMIZATION_LEVEL = 0;
				GCC_PREPROCESSOR_DEFINITIONS = (
					"DEBUG=1",
					"$(inherited)",
				);
				GCC_WARN_64_TO_32_BIT_CONVERSION = YES;
				GCC_WARN_ABOUT_RETURN_TYPE = YES_ERROR;
				GCC_WARN_UNDECLARED_SELECTOR = YES;
				GCC_WARN_UNINITIALIZED_AUTOS = YES_AGGRESSIVE;
				GCC_WARN_UNUSED_FUNCTION = YES;
				GCC_WARN_UNUSED_VARIABLE = YES;
				MACOSX_DEPLOYMENT_TARGET = 10.11;
				MTL_ENABLE_DEBUG_INFO = YES;
				ONLY_ACTIVE_ARCH = YES;
				SDKROOT = macosx;
			};
			name = Debug;
		};
		2ADDF5FA1D9188E0002ABFFC /* Release */ = {
			isa = XCBuildConfiguration;
			buildSettings = {
				ALWAYS_SEARCH_USER_PATHS = NO;
				CLANG_ANALYZER_NONNULL = YES;
				CLANG_CXX_LANGUAGE_STANDARD = "gnu++0x";
				CLANG_CXX_LIBRARY = "libc++";
				CLANG_ENABLE_MODULES = YES;
				CLANG_ENABLE_OBJC_ARC = YES;
				CLANG_WARN_BOOL_CONVERSION = YES;
				CLANG_WARN_CONSTANT_CONVERSION = YES;
				CLANG_WARN_DIRECT_OBJC_ISA_USAGE = YES_ERROR;
				CLANG_WARN_EMPTY_BODY = YES;
				CLANG_WARN_ENUM_CONVERSION = YES;
				CLANG_WARN_INT_CONVERSION = YES;
				CLANG_WARN_OBJC_ROOT_CLASS = YES_ERROR;
				CLANG_WARN_UNREACHABLE_CODE = YES;
				CLANG_WARN__DUPLICATE_METHOD_MATCH = YES;
				CODE_SIGN_IDENTITY = "-";
				COPY_PHASE_STRIP = NO;
				DEBUG_INFORMATION_FORMAT = "dwarf-with-dsym";
				ENABLE_NS_ASSERTIONS = NO;
				ENABLE_STRICT_OBJC_MSGSEND = YES;
				GCC_C_LANGUAGE_STANDARD = gnu99;
				GCC_NO_COMMON_BLOCKS = YES;
				GCC_WARN_64_TO_32_BIT_CONVERSION = YES;
				GCC_WARN_ABOUT_RETURN_TYPE = YES_ERROR;
				GCC_WARN_UNDECLARED_SELECTOR = YES;
				GCC_WARN_UNINITIALIZED_AUTOS = YES_AGGRESSIVE;
				GCC_WARN_UNUSED_FUNCTION = YES;
				GCC_WARN_UNUSED_VARIABLE = YES;
				MACOSX_DEPLOYMENT_TARGET = 10.11;
				MTL_ENABLE_DEBUG_INFO = NO;
				SDKROOT = macosx;
			};
			name = Release;
		};
		2ADDF5FC1D9188E0002ABFFC /* Debug */ = {
			isa = XCBuildConfiguration;
			buildSettings = {
				PRODUCT_NAME = "$(TARGET_NAME)";
			};
			name = Debug;
		};
		2ADDF5FD1D9188E0002ABFFC /* Release */ = {
			isa = XCBuildConfiguration;
			buildSettings = {
				PRODUCT_NAME = "$(TARGET_NAME)";
			};
			name = Release;
		};
/* End XCBuildConfiguration section */

/* Begin XCConfigurationList section */
		2ADDF5EF1D9188E0002ABFFC /* Build configuration list for PBXProject "GLUT+SFML" */ = {
			isa = XCConfigurationList;
			buildConfigurations = (
				2ADDF5F91D9188E0002ABFFC /* Debug */,
				2ADDF5FA1D9188E0002ABFFC /* Release */,
			);
			defaultConfigurationIsVisible = 0;
			defaultConfigurationName = Release;
		};
		2ADDF5FB1D9188E0002ABFFC /* Build configuration list for PBXNativeTarget "GLUT+SFML" */ = {
			isa = XCConfigurationList;
			buildConfigurations = (
				2ADDF5FC1D9188E0002ABFFC /* Debug */,
				2ADDF5FD1D9188E0002ABFFC /* Release */,
			);
			defaultConfigurationIsVisible = 0;
		};
/* End XCConfigurationList section */
	};
	rootObject = 2ADDF5EC1D9188E0002ABFFC /* Project object */;
}
